// !$*UTF8*$!
{
	archiveVersion = 1;
	classes = {
	};
	objectVersion = 46;
	objects = {

/* Begin PBXBuildFile section */
		288678061A55CE9A00A81FE4 /* main.m in Sources */ = {isa = PBXBuildFile; fileRef = 288678051A55CE9A00A81FE4 /* main.m */; };
		288678091A55CE9A00A81FE4 /* AppDelegate.m in Sources */ = {isa = PBXBuildFile; fileRef = 288678081A55CE9A00A81FE4 /* AppDelegate.m */; };
		2886780C1A55CE9A00A81FE4 /* ViewController.m in Sources */ = {isa = PBXBuildFile; fileRef = 2886780B1A55CE9A00A81FE4 /* ViewController.m */; };
		2886780F1A55CE9A00A81FE4 /* Main.storyboard in Resources */ = {isa = PBXBuildFile; fileRef = 2886780D1A55CE9A00A81FE4 /* Main.storyboard */; };
		288678111A55CE9A00A81FE4 /* Images.xcassets in Resources */ = {isa = PBXBuildFile; fileRef = 288678101A55CE9A00A81FE4 /* Images.xcassets */; };
		288678141A55CE9A00A81FE4 /* LaunchScreen.xib in Resources */ = {isa = PBXBuildFile; fileRef = 288678121A55CE9A00A81FE4 /* LaunchScreen.xib */; };
		288678201A55CE9A00A81FE4 /* pageviewcontrollerPOCTests.m in Sources */ = {isa = PBXBuildFile; fileRef = 2886781F1A55CE9A00A81FE4 /* pageviewcontrollerPOCTests.m */; };
		2886782B1A55D02A00A81FE4 /* CPageViewController.m in Sources */ = {isa = PBXBuildFile; fileRef = 2886782A1A55D02A00A81FE4 /* CPageViewController.m */; };
/* End PBXBuildFile section */

/* Begin PBXContainerItemProxy section */
		2886781A1A55CE9A00A81FE4 /* PBXContainerItemProxy */ = {
			isa = PBXContainerItemProxy;
			containerPortal = 288677F81A55CE9A00A81FE4 /* Project object */;
			proxyType = 1;
			remoteGlobalIDString = 288677FF1A55CE9A00A81FE4;
			remoteInfo = pageviewcontrollerPOC;
		};
/* End PBXContainerItemProxy section */

/* Begin PBXFileReference section */
		288678001A55CE9A00A81FE4 /* pageviewcontrollerPOC.app */ = {isa = PBXFileReference; explicitFileType = wrapper.application; includeInIndex = 0; path = pageviewcontrollerPOC.app; sourceTree = BUILT_PRODUCTS_DIR; };
		288678041A55CE9A00A81FE4 /* Info.plist */ = {isa = PBXFileReference; lastKnownFileType = text.plist.xml; path = Info.plist; sourceTree = "<group>"; };
		288678051A55CE9A00A81FE4 /* main.m */ = {isa = PBXFileReference; lastKnownFileType = sourcecode.c.objc; path = main.m; sourceTree = "<group>"; };
		288678071A55CE9A00A81FE4 /* AppDelegate.h */ = {isa = PBXFileReference; lastKnownFileType = sourcecode.c.h; path = AppDelegate.h; sourceTree = "<group>"; };
		288678081A55CE9A00A81FE4 /* AppDelegate.m */ = {isa = PBXFileReference; lastKnownFileType = sourcecode.c.objc; path = AppDelegate.m; sourceTree = "<group>"; };
		2886780A1A55CE9A00A81FE4 /* ViewController.h */ = {isa = PBXFileReference; lastKnownFileType = sourcecode.c.h; path = ViewController.h; sourceTree = "<group>"; };
		2886780B1A55CE9A00A81FE4 /* ViewController.m */ = {isa = PBXFileReference; lastKnownFileType = sourcecode.c.objc; path = ViewController.m; sourceTree = "<group>"; };
		2886780E1A55CE9A00A81FE4 /* Base */ = {isa = PBXFileReference; lastKnownFileType = file.storyboard; name = Base; path = Base.lproj/Main.storyboard; sourceTree = "<group>"; };
		288678101A55CE9A00A81FE4 /* Images.xcassets */ = {isa = PBXFileReference; lastKnownFileType = folder.assetcatalog; path = Images.xcassets; sourceTree = "<group>"; };
		288678131A55CE9A00A81FE4 /* Base */ = {isa = PBXFileReference; lastKnownFileType = file.xib; name = Base; path = Base.lproj/LaunchScreen.xib; sourceTree = "<group>"; };
		288678191A55CE9A00A81FE4 /* pageviewcontrollerPOCTests.xctest */ = {isa = PBXFileReference; explicitFileType = wrapper.cfbundle; includeInIndex = 0; path = pageviewcontrollerPOCTests.xctest; sourceTree = BUILT_PRODUCTS_DIR; };
		2886781E1A55CE9A00A81FE4 /* Info.plist */ = {isa = PBXFileReference; lastKnownFileType = text.plist.xml; path = Info.plist; sourceTree = "<group>"; };
		2886781F1A55CE9A00A81FE4 /* pageviewcontrollerPOCTests.m */ = {isa = PBXFileReference; lastKnownFileType = sourcecode.c.objc; path = pageviewcontrollerPOCTests.m; sourceTree = "<group>"; };
		288678291A55D02A00A81FE4 /* CPageViewController.h */ = {isa = PBXFileReference; fileEncoding = 4; lastKnownFileType = sourcecode.c.h; path = CPageViewController.h; sourceTree = "<group>"; };
		2886782A1A55D02A00A81FE4 /* CPageViewController.m */ = {isa = PBXFileReference; fileEncoding = 4; lastKnownFileType = sourcecode.c.objc; path = CPageViewController.m; sourceTree = "<group>"; };
/* End PBXFileReference section */

/* Begin PBXFrameworksBuildPhase section */
		288677FD1A55CE9A00A81FE4 /* Frameworks */ = {
			isa = PBXFrameworksBuildPhase;
			buildActionMask = 2147483647;
			files = (
			);
			runOnlyForDeploymentPostprocessing = 0;
		};
		288678161A55CE9A00A81FE4 /* Frameworks */ = {
			isa = PBXFrameworksBuildPhase;
			buildActionMask = 2147483647;
			files = (
			);
			runOnlyForDeploymentPostprocessing = 0;
		};
/* End PBXFrameworksBuildPhase section */

/* Begin PBXGroup section */
		288677F71A55CE9A00A81FE4 = {
			isa = PBXGroup;
			children = (
				288678021A55CE9A00A81FE4 /* pageviewcontrollerPOC */,
				2886781C1A55CE9A00A81FE4 /* pageviewcontrollerPOCTests */,
				288678011A55CE9A00A81FE4 /* Products */,
			);
			sourceTree = "<group>";
		};
		288678011A55CE9A00A81FE4 /* Products */ = {
			isa = PBXGroup;
			children = (
				288678001A55CE9A00A81FE4 /* pageviewcontrollerPOC.app */,
				288678191A55CE9A00A81FE4 /* pageviewcontrollerPOCTests.xctest */,
			);
			name = Products;
			sourceTree = "<group>";
		};
		288678021A55CE9A00A81FE4 /* pageviewcontrollerPOC */ = {
			isa = PBXGroup;
			children = (
				288678071A55CE9A00A81FE4 /* AppDelegate.h */,
				288678081A55CE9A00A81FE4 /* AppDelegate.m */,
				2886780A1A55CE9A00A81FE4 /* ViewController.h */,
				2886780B1A55CE9A00A81FE4 /* ViewController.m */,
				2886780D1A55CE9A00A81FE4 /* Main.storyboard */,
				288678101A55CE9A00A81FE4 /* Images.xcassets */,
				288678121A55CE9A00A81FE4 /* LaunchScreen.xib */,
				288678031A55CE9A00A81FE4 /* Supporting Files */,
				288678291A55D02A00A81FE4 /* CPageViewController.h */,
				2886782A1A55D02A00A81FE4 /* CPageViewController.m */,
			);
			path = pageviewcontrollerPOC;
			sourceTree = "<group>";
		};
		288678031A55CE9A00A81FE4 /* Supporting Files */ = {
			isa = PBXGroup;
			children = (
				288678041A55CE9A00A81FE4 /* Info.plist */,
				288678051A55CE9A00A81FE4 /* main.m */,
			);
			name = "Supporting Files";
			sourceTree = "<group>";
		};
		2886781C1A55CE9A00A81FE4 /* pageviewcontrollerPOCTests */ = {
			isa = PBXGroup;
			children = (
				2886781F1A55CE9A00A81FE4 /* pageviewcontrollerPOCTests.m */,
				2886781D1A55CE9A00A81FE4 /* Supporting Files */,
			);
			path = pageviewcontrollerPOCTests;
			sourceTree = "<group>";
		};
		2886781D1A55CE9A00A81FE4 /* Supporting Files */ = {
			isa = PBXGroup;
			children = (
				2886781E1A55CE9A00A81FE4 /* Info.plist */,
			);
			name = "Supporting Files";
			sourceTree = "<group>";
		};
/* End PBXGroup section */

/* Begin PBXNativeTarget section */
		288677FF1A55CE9A00A81FE4 /* pageviewcontrollerPOC */ = {
			isa = PBXNativeTarget;
			buildConfigurationList = 288678231A55CE9A00A81FE4 /* Build configuration list for PBXNativeTarget "pageviewcontrollerPOC" */;
			buildPhases = (
				288677FC1A55CE9A00A81FE4 /* Sources */,
				288677FD1A55CE9A00A81FE4 /* Frameworks */,
				288677FE1A55CE9A00A81FE4 /* Resources */,
			);
			buildRules = (
			);
			dependencies = (
			);
			name = pageviewcontrollerPOC;
			productName = pageviewcontrollerPOC;
			productReference = 288678001A55CE9A00A81FE4 /* pageviewcontrollerPOC.app */;
			productType = "com.apple.product-type.application";
		};
		288678181A55CE9A00A81FE4 /* pageviewcontrollerPOCTests */ = {
			isa = PBXNativeTarget;
			buildConfigurationList = 288678261A55CE9A00A81FE4 /* Build configuration list for PBXNativeTarget "pageviewcontrollerPOCTests" */;
			buildPhases = (
				288678151A55CE9A00A81FE4 /* Sources */,
				288678161A55CE9A00A81FE4 /* Frameworks */,
				288678171A55CE9A00A81FE4 /* Resources */,
			);
			buildRules = (
			);
			dependencies = (
				2886781B1A55CE9A00A81FE4 /* PBXTargetDependency */,
			);
			name = pageviewcontrollerPOCTests;
			productName = pageviewcontrollerPOCTests;
			productReference = 288678191A55CE9A00A81FE4 /* pageviewcontrollerPOCTests.xctest */;
			productType = "com.apple.product-type.bundle.unit-test";
		};
/* End PBXNativeTarget section */

/* Begin PBXProject section */
		288677F81A55CE9A00A81FE4 /* Project object */ = {
			isa = PBXProject;
			attributes = {
				LastUpgradeCheck = 0610;
				ORGANIZATIONNAME = ajonnet;
				TargetAttributes = {
					288677FF1A55CE9A00A81FE4 = {
						CreatedOnToolsVersion = 6.1.1;
					};
					288678181A55CE9A00A81FE4 = {
						CreatedOnToolsVersion = 6.1.1;
						TestTargetID = 288677FF1A55CE9A00A81FE4;
					};
				};
			};
			buildConfigurationList = 288677FB1A55CE9A00A81FE4 /* Build configuration list for PBXProject "pageviewcontrollerPOC" */;
			compatibilityVersion = "Xcode 3.2";
			developmentRegion = English;
			hasScannedForEncodings = 0;
			knownRegions = (
				en,
				Base,
			);
			mainGroup = 288677F71A55CE9A00A81FE4;
			productRefGroup = 288678011A55CE9A00A81FE4 /* Products */;
			projectDirPath = "";
			projectRoot = "";
			targets = (
				288677FF1A55CE9A00A81FE4 /* pageviewcontrollerPOC */,
				288678181A55CE9A00A81FE4 /* pageviewcontrollerPOCTests */,
			);
		};
/* End PBXProject section */

/* Begin PBXResourcesBuildPhase section */
		288677FE1A55CE9A00A81FE4 /* Resources */ = {
			isa = PBXResourcesBuildPhase;
			buildActionMask = 2147483647;
			files = (
				2886780F1A55CE9A00A81FE4 /* Main.storyboard in Resources */,
				288678141A55CE9A00A81FE4 /* LaunchScreen.xib in Resources */,
				288678111A55CE9A00A81FE4 /* Images.xcassets in Resources */,
			);
			runOnlyForDeploymentPostprocessing = 0;
		};
		288678171A55CE9A00A81FE4 /* Resources */ = {
			isa = PBXResourcesBuildPhase;
			buildActionMask = 2147483647;
			files = (
			);
			runOnlyForDeploymentPostprocessing = 0;
		};
/* End PBXResourcesBuildPhase section */

/* Begin PBXSourcesBuildPhase section */
		288677FC1A55CE9A00A81FE4 /* Sources */ = {
			isa = PBXSourcesBuildPhase;
			buildActionMask = 2147483647;
			files = (
				2886780C1A55CE9A00A81FE4 /* ViewController.m in Sources */,
				288678091A55CE9A00A81FE4 /* AppDelegate.m in Sources */,
				288678061A55CE9A00A81FE4 /* main.m in Sources */,
				2886782B1A55D02A00A81FE4 /* CPageViewController.m in Sources */,
			);
			runOnlyForDeploymentPostprocessing = 0;
		};
		288678151A55CE9A00A81FE4 /* Sources */ = {
			isa = PBXSourcesBuildPhase;
			buildActionMask = 2147483647;
			files = (
				288678201A55CE9A00A81FE4 /* pageviewcontrollerPOCTests.m in Sources */,
			);
			runOnlyForDeploymentPostprocessing = 0;
		};
/* End PBXSourcesBuildPhase section */

/* Begin PBXTargetDependency section */
		2886781B1A55CE9A00A81FE4 /* PBXTargetDependency */ = {
			isa = PBXTargetDependency;
			target = 288677FF1A55CE9A00A81FE4 /* pageviewcontrollerPOC */;
			targetProxy = 2886781A1A55CE9A00A81FE4 /* PBXContainerItemProxy */;
		};
/* End PBXTargetDependency section */

/* Begin PBXVariantGroup section */
		2886780D1A55CE9A00A81FE4 /* Main.storyboard */ = {
			isa = PBXVariantGroup;
			children = (
				2886780E1A55CE9A00A81FE4 /* Base */,
			);
			name = Main.storyboard;
			sourceTree = "<group>";
		};
		288678121A55CE9A00A81FE4 /* LaunchScreen.xib */ = {
			isa = PBXVariantGroup;
			children = (
				288678131A55CE9A00A81FE4 /* Base */,
			);
			name = LaunchScreen.xib;
			sourceTree = "<group>";
		};
/* End PBXVariantGroup section */

/* Begin XCBuildConfiguration section */
		288678211A55CE9A00A81FE4 /* Debug */ = {
			isa = XCBuildConfiguration;
			buildSettings = {
				ALWAYS_SEARCH_USER_PATHS = NO;
				CLANG_CXX_LANGUAGE_STANDARD = "gnu++0x";
				CLANG_CXX_LIBRARY = "libc++";
				CLANG_ENABLE_MODULES = YES;
				CLANG_ENABLE_OBJC_ARC = YES;
				CLANG_WARN_BOOL_CONVERSION = YES;
				CLANG_WARN_CONSTANT_CONVERSION = YES;
				CLANG_WARN_DIRECT_OBJC_ISA_USAGE = YES_ERROR;
				CLANG_WARN_EMPTY_BODY = YES;
				CLANG_WARN_ENUM_CONVERSION = YES;
				CLANG_WARN_INT_CONVERSION = YES;
				CLANG_WARN_OBJC_ROOT_CLASS = YES_ERROR;
				CLANG_WARN_UNREACHABLE_CODE = YES;
				CLANG_WARN__DUPLICATE_METHOD_MATCH = YES;
				"CODE_SIGN_IDENTITY[sdk=iphoneos*]" = "iPhone Developer";
				COPY_PHASE_STRIP = NO;
				ENABLE_STRICT_OBJC_MSGSEND = YES;
				GCC_C_LANGUAGE_STANDARD = gnu99;
				GCC_DYNAMIC_NO_PIC = NO;
				GCC_OPTIMIZATION_LEVEL = 0;
				GCC_PREPROCESSOR_DEFINITIONS = (
					"DEBUG=1",
					"$(inherited)",
				);
				GCC_SYMBOLS_PRIVATE_EXTERN = NO;
				GCC_WARN_64_TO_32_BIT_CONVERSION = YES;
				GCC_WARN_ABOUT_RETURN_TYPE = YES_ERROR;
				GCC_WARN_UNDECLARED_SELECTOR = YES;
				GCC_WARN_UNINITIALIZED_AUTOS = YES_AGGRESSIVE;
				GCC_WARN_UNUSED_FUNCTION = YES;
				GCC_WARN_UNUSED_VARIABLE = YES;
				IPHONEOS_DEPLOYMENT_TARGET = 8.1;
				MTL_ENABLE_DEBUG_INFO = YES;
				ONLY_ACTIVE_ARCH = YES;
				SDKROOT = iphoneos;
			};
			name = Debug;
		};
		288678221A55CE9A00A81FE4 /* Release */ = {
			isa = XCBuildConfiguration;
			buildSettings = {
				ALWAYS_SEARCH_USER_PATHS = NO;
				CLANG_CXX_LANGUAGE_STANDARD = "gnu++0x";
				CLANG_CXX_LIBRARY = "libc++";
				CLANG_ENABLE_MODULES = YES;
				CLANG_ENABLE_OBJC_ARC = YES;
				CLANG_WARN_BOOL_CONVERSION = YES;
				CLANG_WARN_CONSTANT_CONVERSION = YES;
				CLANG_WARN_DIRECT_OBJC_ISA_USAGE = YES_ERROR;
				CLANG_WARN_EMPTY_BODY = YES;
				CLANG_WARN_ENUM_CONVERSION = YES;
				CLANG_WARN_INT_CONVERSION = YES;
				CLANG_WARN_OBJC_ROOT_CLASS = YES_ERROR;
				CLANG_WARN_UNREACHABLE_CODE = YES;
				CLANG_WARN__DUPLICATE_METHOD_MATCH = YES;
				"CODE_SIGN_IDENTITY[sdk=iphoneos*]" = "iPhone Developer";
				COPY_PHASE_STRIP = YES;
				ENABLE_NS_ASSERTIONS = NO;
				ENABLE_STRICT_OBJC_MSGSEND = YES;
				GCC_C_LANGUAGE_STANDARD = gnu99;
				GCC_WARN_64_TO_32_BIT_CONVERSION = YES;
				GCC_WARN_ABOUT_RETURN_TYPE = YES_ERROR;
				GCC_WARN_UNDECLARED_SELECTOR = YES;
				GCC_WARN_UNINITIALIZED_AUTOS = YES_AGGRESSIVE;
				GCC_WARN_UNUSED_FUNCTION = YES;
				GCC_WARN_UNUSED_VARIABLE = YES;
				IPHONEOS_DEPLOYMENT_TARGET = 8.1;
				MTL_ENABLE_DEBUG_INFO = NO;
				SDKROOT = iphoneos;
				VALIDATE_PRODUCT = YES;
			};
			name = Release;
		};
		288678241A55CE9A00A81FE4 /* Debug */ = {
			isa = XCBuildConfiguration;
			buildSettings = {
				ASSETCATALOG_COMPILER_APPICON_NAME = AppIcon;
				INFOPLIST_FILE = pageviewcontrollerPOC/Info.plist;
				LD_RUNPATH_SEARCH_PATHS = "$(inherited) @executable_path/Frameworks";
				PRODUCT_NAME = "$(TARGET_NAME)";
			};
			name = Debug;
		};
		288678251A55CE9A00A81FE4 /* Release */ = {
			isa = XCBuildConfiguration;
			buildSettings = {
				ASSETCATALOG_COMPILER_APPICON_NAME = AppIcon;
				INFOPLIST_FILE = pageviewcontrollerPOC/Info.plist;
				LD_RUNPATH_SEARCH_PATHS = "$(inherited) @executable_path/Frameworks";
				PRODUCT_NAME = "$(TARGET_NAME)";
			};
			name = Release;
		};
		288678271A55CE9A00A81FE4 /* Debug */ = {
			isa = XCBuildConfiguration;
			buildSettings = {
				BUNDLE_LOADER = "$(TEST_HOST)";
				FRAMEWORK_SEARCH_PATHS = (
					"$(SDKROOT)/Developer/Library/Frameworks",
					"$(inherited)",
				);
				GCC_PREPROCESSOR_DEFINITIONS = (
					"DEBUG=1",
					"$(inherited)",
				);
				INFOPLIST_FILE = pageviewcontrollerPOCTests/Info.plist;
				LD_RUNPATH_SEARCH_PATHS = "$(inherited) @executable_path/Frameworks @loader_path/Frameworks";
				PRODUCT_NAME = "$(TARGET_NAME)";
				TEST_HOST = "$(BUILT_PRODUCTS_DIR)/pageviewcontrollerPOC.app/pageviewcontrollerPOC";
			};
			name = Debug;
		};
		288678281A55CE9A00A81FE4 /* Release */ = {
			isa = XCBuildConfiguration;
			buildSettings = {
				BUNDLE_LOADER = "$(TEST_HOST)";
				FRAMEWORK_SEARCH_PATHS = (
					"$(SDKROOT)/Developer/Library/Frameworks",
					"$(inherited)",
				);
				INFOPLIST_FILE = pageviewcontrollerPOCTests/Info.plist;
				LD_RUNPATH_SEARCH_PATHS = "$(inherited) @executable_path/Frameworks @loader_path/Frameworks";
				PRODUCT_NAME = "$(TARGET_NAME)";
				TEST_HOST = "$(BUILT_PRODUCTS_DIR)/pageviewcontrollerPOC.app/pageviewcontrollerPOC";
			};
			name = Release;
		};
/* End XCBuildConfiguration section */

/* Begin XCConfigurationList section */
		288677FB1A55CE9A00A81FE4 /* Build configuration list for PBXProject "pageviewcontrollerPOC" */ = {
			isa = XCConfigurationList;
			buildConfigurations = (
				288678211A55CE9A00A81FE4 /* Debug */,
				288678221A55CE9A00A81FE4 /* Release */,
			);
			defaultConfigurationIsVisible = 0;
			defaultConfigurationName = Release;
		};
		288678231A55CE9A00A81FE4 /* Build configuration list for PBXNativeTarget "pageviewcontrollerPOC" */ = {
			isa = XCConfigurationList;
			buildConfigurations = (
				288678241A55CE9A00A81FE4 /* Debug */,
				288678251A55CE9A00A81FE4 /* Release */,
			);
			defaultConfigurationIsVisible = 0;
		};
		288678261A55CE9A00A81FE4 /* Build configuration list for PBXNativeTarget "pageviewcontrollerPOCTests" */ = {
			isa = XCConfigurationList;
			buildConfigurations = (
				288678271A55CE9A00A81FE4 /* Debug */,
				288678281A55CE9A00A81FE4 /* Release */,
			);
			defaultConfigurationIsVisible = 0;
		};
/* End XCConfigurationList section */
	};
	rootObject = 288677F81A55CE9A00A81FE4 /* Project object */;
}
